lockfileVersion: '9.0'

settings:
  autoInstallPeers: true
  excludeLinksFromLockfile: false

importers:

  .:
    dependencies:
      smol-toml:
        specifier: ^1.6.0
        version: 1.6.0
      yaml:
        specifier: ^2.8.2
        version: 2.8.2

packages:

  smol-toml@1.6.0:
    resolution: {integrity: sha512-4zemZi0HvTnYwLfrpk/CF9LOd9Lt87kAt50GnqhMpyF9U3poDAP2+iukq2bZsO/ufegbYehBkqINbsWxj4l4cw==}
    engines: {node: '>= 18'}

  yaml@2.8.2:
    resolution: {integrity: sha512-mplynKqc1C2hTVYxd0PU2xQAc22TI1vShAYGksCCfxbn/dFwnHTNi1bvYsBTkhdUNtGIf5xNOg938rrSSYvS9A==}
    engines: {node: '>= 14.6'}
    hasBin: true

snapshots:

  smol-toml@1.6.0: {}

  yaml@2.8.2: {}
