lockfileVersion: '9.0'

settings:
  autoInstallPeers: true
  excludeLinksFromLockfile: false

importers:

  .:
    dependencies:
      chance:
        specifier: ^1.1.13
        version: 1.1.13

packages:

  chance@1.1.13:
    resolution: {integrity: sha512-V6lQCljcLznE7tUYUM9EOAnnKXbctE6j/rdQkYOHIWbfGQbrzTsAXNW9CdU5XCo4ArXQCj/rb6HgxPlmGJcaUg==}

snapshots:

  chance@1.1.13: {}
