lockfileVersion: '9.0'

settings:
  autoInstallPeers: true
  excludeLinksFromLockfile: false

importers:

  .:
    dependencies:
      mkdirp:
        specifier: ^3.0.1
        version: 3.0.1
      slug:
        specifier: ^11.0.0
        version: 11.0.0

packages:

  mkdirp@3.0.1:
    resolution: {integrity: sha512-+NsyUUAZDmo6YVHzL/stxSu3t9YS1iljliy3BSDrXJ/dkn1KYdmtZODGGjLcc9XLgVVpH4KshHB8XmZgMhaBXg==}
    engines: {node: '>=10'}
    hasBin: true

  slug@11.0.0:
    resolution: {integrity: sha512-71pb27F9TII2dIweGr2ybS220IUZo1A9GKZ+e2q8rpUr24mejBb6fTaSStM0SE1ITUUOshilqZze8Yt1BKj+ew==}
    hasBin: true

snapshots:

  mkdirp@3.0.1: {}

  slug@11.0.0: {}
